
Microsoft Visual Studio Solution File, Format Version 12.00
# Visual Studio 15
Project("{FAE04EC0-301F-11D3-BF4B-00C04F79EFBC}") = "LeetcodeCSharpV3", "LeetcodeCSharpV3\LeetcodeCSharpV3.csproj", "{A8A5382D-BAEF-4CF3-A11B-A80DA5328509}"
EndProject
Project("{FAE04EC0-301F-11D3-BF4B-00C04F79EFBC}") = "ValidParentheses", "ValidParentheses\ValidParentheses.csproj", "{F58DD3BA-C4BE-45D6-B3A3-B83F293DCAA5}"
EndProject
Project("{FAE04EC0-301F-11D3-BF4B-00C04F79EFBC}") = "Merge", "Merge\Merge.csproj", "{3AE9BCB3-0E1D-47A3-8A8B-852E4C5B3110}"
EndProject
Project("{FAE04EC0-301F-11D3-BF4B-00C04F79EFBC}") = "TwoSum", "TwoSum\TwoSum.csproj", "{CEB5E926-3EC5-4B07-9F9D-B2E8011C41D3}"
EndProject
Global
	GlobalSection(SolutionConfigurationPlatforms) = preSolution
		Debug|anycpu = Debug|anycpu
		Release|anycpu = Release|anycpu
	EndGlobalSection
	GlobalSection(ProjectConfigurationPlatforms) = postSolution
		{A8A5382D-BAEF-4CF3-A11B-A80DA5328509}.Debug|anycpu.ActiveCfg = Debug|anycpu
		{A8A5382D-BAEF-4CF3-A11B-A80DA5328509}.Debug|anycpu.Build.0 = Debug|anycpu
		{A8A5382D-BAEF-4CF3-A11B-A80DA5328509}.Release|anycpu.ActiveCfg = Release|anycpu
		{A8A5382D-BAEF-4CF3-A11B-A80DA5328509}.Release|anycpu.Build.0 = Release|anycpu
		{F58DD3BA-C4BE-45D6-B3A3-B83F293DCAA5}.Debug|anycpu.ActiveCfg = Debug|anycpu
		{F58DD3BA-C4BE-45D6-B3A3-B83F293DCAA5}.Debug|anycpu.Build.0 = Debug|anycpu
		{F58DD3BA-C4BE-45D6-B3A3-B83F293DCAA5}.Release|anycpu.ActiveCfg = Release|anycpu
		{F58DD3BA-C4BE-45D6-B3A3-B83F293DCAA5}.Release|anycpu.Build.0 = Release|anycpu
		{3AE9BCB3-0E1D-47A3-8A8B-852E4C5B3110}.Debug|anycpu.ActiveCfg = Debug|anycpu
		{3AE9BCB3-0E1D-47A3-8A8B-852E4C5B3110}.Debug|anycpu.Build.0 = Debug|anycpu
		{3AE9BCB3-0E1D-47A3-8A8B-852E4C5B3110}.Release|anycpu.ActiveCfg = Release|anycpu
		{3AE9BCB3-0E1D-47A3-8A8B-852E4C5B3110}.Release|anycpu.Build.0 = Release|anycpu
		{CEB5E926-3EC5-4B07-9F9D-B2E8011C41D3}.Debug|anycpu.ActiveCfg = Debug|anycpu
		{CEB5E926-3EC5-4B07-9F9D-B2E8011C41D3}.Debug|anycpu.Build.0 = Debug|anycpu
		{CEB5E926-3EC5-4B07-9F9D-B2E8011C41D3}.Release|anycpu.ActiveCfg = Release|anycpu
		{CEB5E926-3EC5-4B07-9F9D-B2E8011C41D3}.Release|anycpu.Build.0 = Release|anycpu
	EndGlobalSection
EndGlobal
